github.com/felixge/httpsnoop v1.0.4 h1:NFTV2Zj1bL4mc9sqWACXbQFVBBg2W3GPvqp8/ESS2Wg=
github.com/felixge/httpsnoop v1.0.4/go.mod h1:m8KPJKqk1gH5J9DgRY2ASl2lWCfGKXixSwevea8zH2U=
github.com/x-way/crawlerdetect v0.2.25 h1:8NU/dcYQeqZcMsq5hSUFFdlMN0Vbu0P+9KG2hq11biI=
github.com/x-way/crawlerdetect v0.2.25/go.mod h1:s6iUJZPq/WNBJThPRK+zk8ah7iIbGUZn9nYWMls3YP0=
golang.org/x/time v0.9.0 h1:EsRrnYcQiGH+5FfbgvV4AP7qEZstoyrHB0DzarOQ4ZY=
golang.org/x/time v0.9.0/go.mod h1:3BpzKBy/shNhVucY/MWOyx10tF3SFh9QdLuxbVysPQM=
